{
  "name": "guard-lib",
  "lockfileVersion": 3,
  "requires": true,
  "packages": {
    "": {
      "name": "guard-lib",
      "dependencies": {
        "error-lib": "^2.0.1"
      },
      "devDependencies": {
        "@types/lodash": "^4.14.191",
        "@types/node": "^16.18.14",
        "typescript": "^4.9.5"
      }
    },
    "node_modules/@types/lodash": {
      "version": "4.14.191",
      "dev": true,
      "license": "MIT"
    },
    "node_modules/@types/node": {
      "version": "16.18.14",
      "dev": true,
      "license": "MIT"
    },
    "node_modules/error-lib": {
      "version": "2.0.1",
      "license": "MIT"
    },
    "node_modules/typescript": {
      "version": "4.9.5",
      "dev": true,
      "license": "Apache-2.0",
      "bin": {
        "tsc": "bin/tsc",
        "tsserver": "bin/tsserver"
      },
      "engines": {
        "node": ">=4.2.0"
      }
    }
  }
}
