{
  "name": "guard-lib-root",
  "lockfileVersion": 2,
  "requires": true,
  "packages": {
    "": {
      "name": "guard-lib-root",
      "workspaces": {
        "packages": [
          "packages/*"
        ],
        "nohoist": []
      }
    },
    "node_modules/guard-lib": {
      "resolved": "packages/guard_lib",
      "link": true
    },
    "packages/guard_lib": {
      "name": "guard-lib",
      "version": "0.0.1"
    }
  },
  "dependencies": {
    "guard-lib": {
      "version": "file:packages/guard_lib"
    }
  }
}
